
Microsoft Visual Studio Solution File, Format Version 11.00
# Visual Studio 2010
Project("{FAE04EC0-301F-11D3-BF4B-00C04F79EFBC}") = "FreeFormStuff", "FreeFormStuff\FreeFormStuff.csproj", "{506A14B9-E569-484C-8AA2-21ECD386C8ED}"
EndProject
Global
	GlobalSection(SolutionConfigurationPlatforms) = preSolution
		Debug|x86 = Debug|x86
		Release|x86 = Release|x86
	EndGlobalSection
	GlobalSection(ProjectConfigurationPlatforms) = postSolution
		{506A14B9-E569-484C-8AA2-21ECD386C8ED}.Debug|x86.ActiveCfg = Debug|x86
		{506A14B9-E569-484C-8AA2-21ECD386C8ED}.Debug|x86.Build.0 = Debug|x86
		{506A14B9-E569-484C-8AA2-21ECD386C8ED}.Release|x86.ActiveCfg = Release|x86
		{506A14B9-E569-484C-8AA2-21ECD386C8ED}.Release|x86.Build.0 = Release|x86
	EndGlobalSection
	GlobalSection(SolutionProperties) = preSolution
		HideSolutionNode = FALSE
	EndGlobalSection
EndGlobal
